
Microsoft Visual Studio Solution File, Format Version 12.00
# Visual Studio 14
VisualStudioVersion = 14.0.25420.1
MinimumVisualStudioVersion = 10.0.40219.1
Project("{FAE04EC0-301F-11D3-BF4B-00C04F79EFBC}") = "TheGoodOrganiser.Core", "TheGoodOrganiser.Core\TheGoodOrganiser.Core.csproj", "{666B4E4E-B613-4326-8F7A-121913040DC7}"
EndProject
Project("{FAE04EC0-301F-11D3-BF4B-00C04F79EFBC}") = "TheGoodOrganiser.DataAccess", "TheGoodOrganiser.DataAccess\TheGoodOrganiser.DataAccess.csproj", "{4DD48EAD-0B47-4BE7-9B45-75257C2B6959}"
EndProject
Project("{FAE04EC0-301F-11D3-BF4B-00C04F79EFBC}") = "TheGoodOrganiser.WebAPI", "TheGoodOrganiser.WebAPI\TheGoodOrganiser.WebAPI.csproj", "{9CB1A48A-ABFE-47FD-B641-81EF928F3218}"
EndProject
Project("{FAE04EC0-301F-11D3-BF4B-00C04F79EFBC}") = "TheGoodOrganiser.Web", "TheGoodOrganiser.Web\TheGoodOrganiser.Web.csproj", "{7A506055-290F-4B14-8A0D-17B6D5C6DFCA}"
EndProject
Global
	GlobalSection(SolutionConfigurationPlatforms) = preSolution
		Debug|Any CPU = Debug|Any CPU
		Release|Any CPU = Release|Any CPU
	EndGlobalSection
	GlobalSection(ProjectConfigurationPlatforms) = postSolution
		{666B4E4E-B613-4326-8F7A-121913040DC7}.Debug|Any CPU.ActiveCfg = Debug|Any CPU
		{666B4E4E-B613-4326-8F7A-121913040DC7}.Debug|Any CPU.Build.0 = Debug|Any CPU
		{666B4E4E-B613-4326-8F7A-121913040DC7}.Release|Any CPU.ActiveCfg = Release|Any CPU
		{666B4E4E-B613-4326-8F7A-121913040DC7}.Release|Any CPU.Build.0 = Release|Any CPU
		{4DD48EAD-0B47-4BE7-9B45-75257C2B6959}.Debug|Any CPU.ActiveCfg = Debug|Any CPU
		{4DD48EAD-0B47-4BE7-9B45-75257C2B6959}.Debug|Any CPU.Build.0 = Debug|Any CPU
		{4DD48EAD-0B47-4BE7-9B45-75257C2B6959}.Release|Any CPU.ActiveCfg = Release|Any CPU
		{4DD48EAD-0B47-4BE7-9B45-75257C2B6959}.Release|Any CPU.Build.0 = Release|Any CPU
		{9CB1A48A-ABFE-47FD-B641-81EF928F3218}.Debug|Any CPU.ActiveCfg = Debug|Any CPU
		{9CB1A48A-ABFE-47FD-B641-81EF928F3218}.Debug|Any CPU.Build.0 = Debug|Any CPU
		{9CB1A48A-ABFE-47FD-B641-81EF928F3218}.Release|Any CPU.ActiveCfg = Release|Any CPU
		{9CB1A48A-ABFE-47FD-B641-81EF928F3218}.Release|Any CPU.Build.0 = Release|Any CPU
		{7A506055-290F-4B14-8A0D-17B6D5C6DFCA}.Debug|Any CPU.ActiveCfg = Debug|Any CPU
		{7A506055-290F-4B14-8A0D-17B6D5C6DFCA}.Debug|Any CPU.Build.0 = Debug|Any CPU
		{7A506055-290F-4B14-8A0D-17B6D5C6DFCA}.Release|Any CPU.ActiveCfg = Release|Any CPU
		{7A506055-290F-4B14-8A0D-17B6D5C6DFCA}.Release|Any CPU.Build.0 = Release|Any CPU
	EndGlobalSection
	GlobalSection(SolutionProperties) = preSolution
		HideSolutionNode = FALSE
	EndGlobalSection
EndGlobal
